
Microsoft Visual Studio Solution File, Format Version 12.00
# Visual Studio Version 16
VisualStudioVersion = 16.0.30503.244
MinimumVisualStudioVersion = 10.0.40219.1
Project("{9A19103F-16F7-4668-BE54-9A1E7A4F7556}") = "HotelReservationSystem", "HotelReservationSystem.csproj", "{BDCB7482-61D1-4157-A604-2347B33EBEF5}"
EndProject
Project("{FAE04EC0-301F-11D3-BF4B-00C04F79EFBC}") = "HotelReservationSystemTest", "..\HotelReservationSystemTest\HotelReservationSystemTest.csproj", "{B71D3471-D950-49B9-9EF7-762BE2FBCE85}"
EndProject
Global
	GlobalSection(SolutionConfigurationPlatforms) = preSolution
		Debug|Any CPU = Debug|Any CPU
		Release|Any CPU = Release|Any CPU
	EndGlobalSection
	GlobalSection(ProjectConfigurationPlatforms) = postSolution
		{BDCB7482-61D1-4157-A604-2347B33EBEF5}.Debug|Any CPU.ActiveCfg = Debug|Any CPU
		{BDCB7482-61D1-4157-A604-2347B33EBEF5}.Debug|Any CPU.Build.0 = Debug|Any CPU
		{BDCB7482-61D1-4157-A604-2347B33EBEF5}.Release|Any CPU.ActiveCfg = Release|Any CPU
		{BDCB7482-61D1-4157-A604-2347B33EBEF5}.Release|Any CPU.Build.0 = Release|Any CPU
		{B71D3471-D950-49B9-9EF7-762BE2FBCE85}.Debug|Any CPU.ActiveCfg = Debug|Any CPU
		{B71D3471-D950-49B9-9EF7-762BE2FBCE85}.Debug|Any CPU.Build.0 = Debug|Any CPU
		{B71D3471-D950-49B9-9EF7-762BE2FBCE85}.Release|Any CPU.ActiveCfg = Release|Any CPU
		{B71D3471-D950-49B9-9EF7-762BE2FBCE85}.Release|Any CPU.Build.0 = Release|Any CPU
	EndGlobalSection
	GlobalSection(SolutionProperties) = preSolution
		HideSolutionNode = FALSE
	EndGlobalSection
	GlobalSection(ExtensibilityGlobals) = postSolution
		SolutionGuid = {E191FD17-4269-4A2A-B840-1D6A1FFDE193}
	EndGlobalSection
EndGlobal
